# THIS IS AN AUTOGENERATED FILE. DO NOT EDIT THIS FILE DIRECTLY.
# yarn lockfile v1


"@biomejs/biome@^1.5.2":
  version "1.5.2"
  resolved "https://registry.yarnpkg.com/@biomejs/biome/-/biome-1.5.2.tgz#fdc194125a904ec69a87cb48b03141b6c070df66"
  integrity sha512-LhycxGQBQLmfv6M3e4tMfn/XKcUWyduDYOlCEBrHXJ2mMth2qzYt1JWypkWp+XmU/7Hl2dKvrP4mZ5W44+nWZw==
  optionalDependencies:
    "@biomejs/cli-darwin-arm64" "1.5.2"
    "@biomejs/cli-darwin-x64" "1.5.2"
    "@biomejs/cli-linux-arm64" "1.5.2"
    "@biomejs/cli-linux-arm64-musl" "1.5.2"
    "@biomejs/cli-linux-x64" "1.5.2"
    "@biomejs/cli-linux-x64-musl" "1.5.2"
    "@biomejs/cli-win32-arm64" "1.5.2"
    "@biomejs/cli-win32-x64" "1.5.2"

"@biomejs/cli-darwin-arm64@1.5.2":
  version "1.5.2"
  resolved "https://registry.yarnpkg.com/@biomejs/cli-darwin-arm64/-/cli-darwin-arm64-1.5.2.tgz#fc744f6ac454ce18b1b36d306c77b2bdb216d6ae"
  integrity sha512-3JVl08aHKsPyf0XL9SEj1lssIMmzOMAn2t1zwZKBiy/mcZdb0vuyMSTM5haMQ/90wEmrkYN7zux777PHEGrGiw==

"@biomejs/cli-darwin-x64@1.5.2":
  version "1.5.2"
  resolved "https://registry.yarnpkg.com/@biomejs/cli-darwin-x64/-/cli-darwin-x64-1.5.2.tgz#2439a338166b9acb6d56939bd9e8e6331ee43dcb"
  integrity sha512-QAPW9rZb/AgucUx+ogMg+9eJNipQDqvabktC5Tx4Aqb/mFzS6eDqNP7O0SbGz3DtC5Y2LATEj6o6zKIQ4ZT+3w==

"@biomejs/cli-linux-arm64-musl@1.5.2":
  version "1.5.2"
  resolved "https://registry.yarnpkg.com/@biomejs/cli-linux-arm64-musl/-/cli-linux-arm64-musl-1.5.2.tgz#fe5cafb9ff34ebfed7a5abe28a71cfbddd4de70f"
  integrity sha512-Z29SjaOyO4QfajplNXSjLx17S79oPN42D094zjE24z7C7p3NxvLhKLygtSP9emgaXkcoESe2chOzF4IrGy/rlg==

"@biomejs/cli-linux-arm64@1.5.2":
  version "1.5.2"
  resolved "https://registry.yarnpkg.com/@biomejs/cli-linux-arm64/-/cli-linux-arm64-1.5.2.tgz#2fd9305441d9df0aca5dfa9e56004d951aea0ec9"
  integrity sha512-fVLrUgIlo05rO4cNu+Py5EwwmXnXhWH+8KrNlWkr2weMYjq85SihUsuWWKpmqU+bUVR+m5gwfcIXZVWYVCJMHw==

"@biomejs/cli-linux-x64-musl@1.5.2":
  version "1.5.2"
  resolved "https://registry.yarnpkg.com/@biomejs/cli-linux-x64-musl/-/cli-linux-x64-musl-1.5.2.tgz#80cc7eb91ea10aca0a17e6296fa468b0b3332793"
  integrity sha512-ZolquPEjWYUmGeERS8svHOOT7OXEeoriPnV8qptgWJmYF9EO9HUGRn1UtCvdVziDYK+u1A7PxjOdkY1B00ty5A==

"@biomejs/cli-linux-x64@1.5.2":
  version "1.5.2"
  resolved "https://registry.yarnpkg.com/@biomejs/cli-linux-x64/-/cli-linux-x64-1.5.2.tgz#9247165d0514a6f0fa17f9c8cd49c7d9769a9641"
  integrity sha512-ixqJtUHtF0ho1+1DTZQLAEwHGSqvmvHhAAFXZQoaSdABn+IcITYExlFVA3bGvASy/xtPjRhTx42hVwPtLwMHwg==

"@biomejs/cli-win32-arm64@1.5.2":
  version "1.5.2"
  resolved "https://registry.yarnpkg.com/@biomejs/cli-win32-arm64/-/cli-win32-arm64-1.5.2.tgz#86d709f835547537f87fd07c35b6ef3b97dca54f"
  integrity sha512-DN4cXSAoFTdjOoh7f+JITj1uQgQSXt+1pVea9bFrpbgip+ZwkONqQq+jUcmFMMehbp9LuiVtNXFz/ReHn6FY7A==

"@biomejs/cli-win32-x64@1.5.2":
  version "1.5.2"
  resolved "https://registry.yarnpkg.com/@biomejs/cli-win32-x64/-/cli-win32-x64-1.5.2.tgz#607f0e4c01c22e573785bd69be2d7be3415838f8"
  integrity sha512-YvWWXZmk936FdrXqc2jcP6rfsXsNBIs9MKBQQoVXIihwNNRiAaBD9Iwa/ouU1b7Zxq2zETgeuRewVJickFuVOw==

"@swc/core-darwin-arm64@1.3.46":
  version "1.3.46"
  resolved "https://registry.yarnpkg.com/@swc/core-darwin-arm64/-/core-darwin-arm64-1.3.46.tgz#810a60fc330190e38c2da39ecae304ba3e44c2d6"
  integrity sha512-kY4ASe7SsntDw2B1T70H9K1CFmK8POi+LyIpeCyC96EB9wbH2Sax+ploBB/wZALbYzr/dMJzOCU8QXzdmVS4Rg==

"@swc/core-darwin-x64@1.3.46":
  version "1.3.46"
  resolved "https://registry.yarnpkg.com/@swc/core-darwin-x64/-/core-darwin-x64-1.3.46.tgz#d419c195191fbe230db5c34c08a5433901258dc9"
  integrity sha512-kE3PMk8xW+2BZ3oZiTxxsUU/GzrGwM+qS4frOBz9TYHZe+W1dTtj4F9vBit4PFJ+tv4O6DPt9neGobzdq0UmRw==

"@swc/core-linux-arm-gnueabihf@1.3.46":
  version "1.3.46"
  resolved "https://registry.yarnpkg.com/@swc/core-linux-arm-gnueabihf/-/core-linux-arm-gnueabihf-1.3.46.tgz#5e3bfd927bb5402f91a1784f03c7137ad82c2ea2"
  integrity sha512-7TbiUr9MYxT+mC7sVrayag/isFoaZUG/ogkEK8B/ouA1pnIYqWh3N5ifqCzfcSRiOURt+vVqPyoO1puSiNzVuQ==

"@swc/core-linux-arm64-gnu@1.3.46":
  version "1.3.46"
  resolved "https://registry.yarnpkg.com/@swc/core-linux-arm64-gnu/-/core-linux-arm64-gnu-1.3.46.tgz#da599aabfb2eae96f48cb2aae2949588af119316"
  integrity sha512-Ycw4LU/wsUK9R+Y/2qFOPQseZDfM5D5gbWGrrYj5RoTm57FbnUsSsO26QeZxUNvams1oAQDkZDuerCc9qBRzIQ==

"@swc/core-linux-arm64-musl@1.3.46":
  version "1.3.46"
  resolved "https://registry.yarnpkg.com/@swc/core-linux-arm64-musl/-/core-linux-arm64-musl-1.3.46.tgz#f4a9b50594b9e60a179fe80a9f03e6d126475909"
  integrity sha512-cBclyr6IW1PBr8l9D4FkebgbqlkiIYnSJCbY84J/6PfTzQlD6w9a1TAoYxdGZpJ7SGHdmB0oDiZS1rhxCSCV/Q==

"@swc/core-linux-x64-gnu@1.3.46":
  version "1.3.46"
  resolved "https://registry.yarnpkg.com/@swc/core-linux-x64-gnu/-/core-linux-x64-gnu-1.3.46.tgz#13a0407eac724a862165cfaf5f872f2cf5b0359c"
  integrity sha512-amqMhTA2CXB6t11hVAZSSPKq4DZ9/sWbW3wYYQHxzqrMJML0726OJs4pt0XnlU7FzdP/9M9j2B/gWCRaCMxXVA==

"@swc/core-linux-x64-musl@1.3.46":
  version "1.3.46"
  resolved "https://registry.yarnpkg.com/@swc/core-linux-x64-musl/-/core-linux-x64-musl-1.3.46.tgz#4ce5b648ce14d11dcae4b1dfcbe60854c992343c"
  integrity sha512-WOQZTIkJ9khIj5Z2unf6OTrWV9k8br+HZ93RvnamEmJBlLPUuT9IjB+agNhjaDgOpz9/ZldSGqV7vzl5FGQl1Q==

"@swc/core-win32-arm64-msvc@1.3.46":
  version "1.3.46"
  resolved "https://registry.yarnpkg.com/@swc/core-win32-arm64-msvc/-/core-win32-arm64-msvc-1.3.46.tgz#165a396cf0fba25008f4e458ea30dc28971db9a9"
  integrity sha512-4JSREbqaTRQ6QO0EeoiB6G5vuFT8zI8aTOLu5At7Cvlw+X7bOGNO+wJ3Tqw7O+68OL+0bPHzHGTXKL9kUccY1A==

"@swc/core-win32-ia32-msvc@1.3.46":
  version "1.3.46"
  resolved "https://registry.yarnpkg.com/@swc/core-win32-ia32-msvc/-/core-win32-ia32-msvc-1.3.46.tgz#c2522bce504efef73f8d813eb3e1defb4940aaae"
  integrity sha512-kC8dIDzcArm1e85yHJsEZFxcNq5NztLkrqkP1nVOQ+9QXD9DKhjbZtWy2gnpclinii6KEGng8SieWiJiOA0CBQ==

"@swc/core-win32-x64-msvc@1.3.46":
  version "1.3.46"
  resolved "https://registry.yarnpkg.com/@swc/core-win32-x64-msvc/-/core-win32-x64-msvc-1.3.46.tgz#46fae36cc69b68ee26a41704e1b6a862ea0a8927"
  integrity sha512-rrSAfq+DvpJioBxUsnuH+sKl0eXid1DwkwNzkVGHEreN9GoP7GospWtFq7VDcO6DrS/s3HtR4/TzoIYFEBCRIg==

"@swc/core@^1.3.46":
  version "1.3.46"
  resolved "https://registry.yarnpkg.com/@swc/core/-/core-1.3.46.tgz#7c49230113dfcce79b778d4d70e23e93e667350a"
  integrity sha512-WxzgJMWUBVJ95HsvEqlWzM3Qxp2FQrPa4QdAkQQuuvCMnfdctGUbhX/c3LiSRlWrl2LIkYAi4bLansTOol4QcQ==
  optionalDependencies:
    "@swc/core-darwin-arm64" "1.3.46"
    "@swc/core-darwin-x64" "1.3.46"
    "@swc/core-linux-arm-gnueabihf" "1.3.46"
    "@swc/core-linux-arm64-gnu" "1.3.46"
    "@swc/core-linux-arm64-musl" "1.3.46"
    "@swc/core-linux-x64-gnu" "1.3.46"
    "@swc/core-linux-x64-musl" "1.3.46"
    "@swc/core-win32-arm64-msvc" "1.3.46"
    "@swc/core-win32-ia32-msvc" "1.3.46"
    "@swc/core-win32-x64-msvc" "1.3.46"

"@swc/wasm@^1.3.46":
  version "1.3.46"
  resolved "https://registry.yarnpkg.com/@swc/wasm/-/wasm-1.3.46.tgz#dcb477f2d4938e663a7041945353f4fd7b4ba801"
  integrity sha512-o1HR9ZhWPiM0ww0tDB/bEwkq5sdPgkyo6LnLHklw5fuE3epJMYJbOn+xKton70kQL5bBqditDJZhpf1kYn+ugw==

"@types/node@^18.15.11":
  version "18.15.11"
  resolved "https://registry.yarnpkg.com/@types/node/-/node-18.15.11.tgz#b3b790f09cb1696cffcec605de025b088fa4225f"
  integrity sha512-E5Kwq2n4SbMzQOn6wnmBjuK9ouqlURrcZDVfbo9ftDDTFt3nk7ZKK4GMOzoYgnpQJKcxwQw+lGaBvvlMo0qN/Q==

"@types/uuid@^9.0.1":
  version "9.0.1"
  resolved "https://registry.yarnpkg.com/@types/uuid/-/uuid-9.0.1.tgz#98586dc36aee8dacc98cc396dbca8d0429647aa6"
  integrity sha512-rFT3ak0/2trgvp4yYZo5iKFEPsET7vKydKF+VRCxlQ9bpheehyAJH89dAkaLEq/j/RZXJIqcgsmPJKUP1Z28HA==

kafkajs@^2.2.4:
  version "2.2.4"
  resolved "https://registry.yarnpkg.com/kafkajs/-/kafkajs-2.2.4.tgz#59e6e16459d87fdf8b64be73970ed5aa42370a5b"
  integrity sha512-j/YeapB1vfPT2iOIUn/vxdyKEuhuY2PxMBvf5JWux6iSaukAccrMtXEY/Lb7OvavDhOWME589bpLrEdnVHjfjA==

typescript@^5.0.3:
  version "5.0.3"
  resolved "https://registry.yarnpkg.com/typescript/-/typescript-5.0.3.tgz#fe976f0c826a88d0a382007681cbb2da44afdedf"
  integrity sha512-xv8mOEDnigb/tN9PSMTwSEqAnUvkoXMQlicOb0IUVDBSQCgBSaAAROUZYy2IcUy5qU6XajK5jjjO7TMWqBTKZA==

uuid@^9.0.0:
  version "9.0.0"
  resolved "https://registry.yarnpkg.com/uuid/-/uuid-9.0.0.tgz#592f550650024a38ceb0c562f2f6aa435761efb5"
  integrity sha512-MXcSTerfPa4uqyzStbRoTgt5XIe3x5+42+q1sDuy3R5MDk66URdLMOZe5aPX/SQd+kuYAh0FdP/pO28IkQyTeg==
