# THIS IS AN AUTOGENERATED FILE. DO NOT EDIT THIS FILE DIRECTLY.
# yarn lockfile v1


"@swc/core-darwin-arm64@1.3.46":
  version "1.3.46"
  resolved "https://registry.yarnpkg.com/@swc/core-darwin-arm64/-/core-darwin-arm64-1.3.46.tgz#810a60fc330190e38c2da39ecae304ba3e44c2d6"
  integrity sha512-kY4ASe7SsntDw2B1T70H9K1CFmK8POi+LyIpeCyC96EB9wbH2Sax+ploBB/wZALbYzr/dMJzOCU8QXzdmVS4Rg==

"@swc/core-darwin-x64@1.3.46":
  version "1.3.46"
  resolved "https://registry.yarnpkg.com/@swc/core-darwin-x64/-/core-darwin-x64-1.3.46.tgz#d419c195191fbe230db5c34c08a5433901258dc9"
  integrity sha512-kE3PMk8xW+2BZ3oZiTxxsUU/GzrGwM+qS4frOBz9TYHZe+W1dTtj4F9vBit4PFJ+tv4O6DPt9neGobzdq0UmRw==

"@swc/core-linux-arm-gnueabihf@1.3.46":
  version "1.3.46"
  resolved "https://registry.yarnpkg.com/@swc/core-linux-arm-gnueabihf/-/core-linux-arm-gnueabihf-1.3.46.tgz#5e3bfd927bb5402f91a1784f03c7137ad82c2ea2"
  integrity sha512-7TbiUr9MYxT+mC7sVrayag/isFoaZUG/ogkEK8B/ouA1pnIYqWh3N5ifqCzfcSRiOURt+vVqPyoO1puSiNzVuQ==

"@swc/core-linux-arm64-gnu@1.3.46":
  version "1.3.46"
  resolved "https://registry.yarnpkg.com/@swc/core-linux-arm64-gnu/-/core-linux-arm64-gnu-1.3.46.tgz#da599aabfb2eae96f48cb2aae2949588af119316"
  integrity sha512-Ycw4LU/wsUK9R+Y/2qFOPQseZDfM5D5gbWGrrYj5RoTm57FbnUsSsO26QeZxUNvams1oAQDkZDuerCc9qBRzIQ==

"@swc/core-linux-arm64-musl@1.3.46":
  version "1.3.46"
  resolved "https://registry.yarnpkg.com/@swc/core-linux-arm64-musl/-/core-linux-arm64-musl-1.3.46.tgz#f4a9b50594b9e60a179fe80a9f03e6d126475909"
  integrity sha512-cBclyr6IW1PBr8l9D4FkebgbqlkiIYnSJCbY84J/6PfTzQlD6w9a1TAoYxdGZpJ7SGHdmB0oDiZS1rhxCSCV/Q==

"@swc/core-linux-x64-gnu@1.3.46":
  version "1.3.46"
  resolved "https://registry.yarnpkg.com/@swc/core-linux-x64-gnu/-/core-linux-x64-gnu-1.3.46.tgz#13a0407eac724a862165cfaf5f872f2cf5b0359c"
  integrity sha512-amqMhTA2CXB6t11hVAZSSPKq4DZ9/sWbW3wYYQHxzqrMJML0726OJs4pt0XnlU7FzdP/9M9j2B/gWCRaCMxXVA==

"@swc/core-linux-x64-musl@1.3.46":
  version "1.3.46"
  resolved "https://registry.yarnpkg.com/@swc/core-linux-x64-musl/-/core-linux-x64-musl-1.3.46.tgz#4ce5b648ce14d11dcae4b1dfcbe60854c992343c"
  integrity sha512-WOQZTIkJ9khIj5Z2unf6OTrWV9k8br+HZ93RvnamEmJBlLPUuT9IjB+agNhjaDgOpz9/ZldSGqV7vzl5FGQl1Q==

"@swc/core-win32-arm64-msvc@1.3.46":
  version "1.3.46"
  resolved "https://registry.yarnpkg.com/@swc/core-win32-arm64-msvc/-/core-win32-arm64-msvc-1.3.46.tgz#165a396cf0fba25008f4e458ea30dc28971db9a9"
  integrity sha512-4JSREbqaTRQ6QO0EeoiB6G5vuFT8zI8aTOLu5At7Cvlw+X7bOGNO+wJ3Tqw7O+68OL+0bPHzHGTXKL9kUccY1A==

"@swc/core-win32-ia32-msvc@1.3.46":
  version "1.3.46"
  resolved "https://registry.yarnpkg.com/@swc/core-win32-ia32-msvc/-/core-win32-ia32-msvc-1.3.46.tgz#c2522bce504efef73f8d813eb3e1defb4940aaae"
  integrity sha512-kC8dIDzcArm1e85yHJsEZFxcNq5NztLkrqkP1nVOQ+9QXD9DKhjbZtWy2gnpclinii6KEGng8SieWiJiOA0CBQ==

"@swc/core-win32-x64-msvc@1.3.46":
  version "1.3.46"
  resolved "https://registry.yarnpkg.com/@swc/core-win32-x64-msvc/-/core-win32-x64-msvc-1.3.46.tgz#46fae36cc69b68ee26a41704e1b6a862ea0a8927"
  integrity sha512-rrSAfq+DvpJioBxUsnuH+sKl0eXid1DwkwNzkVGHEreN9GoP7GospWtFq7VDcO6DrS/s3HtR4/TzoIYFEBCRIg==

"@swc/core@^1.3.46":
  version "1.3.46"
  resolved "https://registry.yarnpkg.com/@swc/core/-/core-1.3.46.tgz#7c49230113dfcce79b778d4d70e23e93e667350a"
  integrity sha512-WxzgJMWUBVJ95HsvEqlWzM3Qxp2FQrPa4QdAkQQuuvCMnfdctGUbhX/c3LiSRlWrl2LIkYAi4bLansTOol4QcQ==
  optionalDependencies:
    "@swc/core-darwin-arm64" "1.3.46"
    "@swc/core-darwin-x64" "1.3.46"
    "@swc/core-linux-arm-gnueabihf" "1.3.46"
    "@swc/core-linux-arm64-gnu" "1.3.46"
    "@swc/core-linux-arm64-musl" "1.3.46"
    "@swc/core-linux-x64-gnu" "1.3.46"
    "@swc/core-linux-x64-musl" "1.3.46"
    "@swc/core-win32-arm64-msvc" "1.3.46"
    "@swc/core-win32-ia32-msvc" "1.3.46"
    "@swc/core-win32-x64-msvc" "1.3.46"

"@swc/wasm@^1.3.46":
  version "1.3.46"
  resolved "https://registry.yarnpkg.com/@swc/wasm/-/wasm-1.3.46.tgz#dcb477f2d4938e663a7041945353f4fd7b4ba801"
  integrity sha512-o1HR9ZhWPiM0ww0tDB/bEwkq5sdPgkyo6LnLHklw5fuE3epJMYJbOn+xKton70kQL5bBqditDJZhpf1kYn+ugw==

"@types/node@^18.15.11":
  version "18.15.11"
  resolved "https://registry.yarnpkg.com/@types/node/-/node-18.15.11.tgz#b3b790f09cb1696cffcec605de025b088fa4225f"
  integrity sha512-E5Kwq2n4SbMzQOn6wnmBjuK9ouqlURrcZDVfbo9ftDDTFt3nk7ZKK4GMOzoYgnpQJKcxwQw+lGaBvvlMo0qN/Q==

"@types/uuid@^9.0.1":
  version "9.0.1"
  resolved "https://registry.yarnpkg.com/@types/uuid/-/uuid-9.0.1.tgz#98586dc36aee8dacc98cc396dbca8d0429647aa6"
  integrity sha512-rFT3ak0/2trgvp4yYZo5iKFEPsET7vKydKF+VRCxlQ9bpheehyAJH89dAkaLEq/j/RZXJIqcgsmPJKUP1Z28HA==

ansi-regex@^2.0.0:
  version "2.1.1"
  resolved "https://registry.yarnpkg.com/ansi-regex/-/ansi-regex-2.1.1.tgz#c3b33ab5ee360d86e0e628f0468ae7ef27d654df"
  integrity sha512-TIGnTpdo+E3+pCyAluZvtED5p5wCqLdezCyhPZzKPcxvFplEt4i+W7OONCKgeZFT3+y5NZZfOOS/Bdcanm1MYA==

camelcase@^2.0.1:
  version "2.1.1"
  resolved "https://registry.yarnpkg.com/camelcase/-/camelcase-2.1.1.tgz#7c1d16d679a1bbe59ca02cacecfb011e201f5a1f"
  integrity sha512-DLIsRzJVBQu72meAKPkWQOLcujdXT32hwdfnkI1frSiSRMK1MofjKHf+MEx0SB6fjEFXL8fBDv1dKymBlOp4Qw==

cliui@^3.0.3:
  version "3.2.0"
  resolved "https://registry.yarnpkg.com/cliui/-/cliui-3.2.0.tgz#120601537a916d29940f934da3b48d585a39213d"
  integrity sha512-0yayqDxWQbqk3ojkYqUKqaAQ6AfNKeKWRNA8kR0WXzAsdHpP4BIaOmMAG87JGuO6qcobyW4GjxHd9PmhEd+T9w==
  dependencies:
    string-width "^1.0.1"
    strip-ansi "^3.0.1"
    wrap-ansi "^2.0.0"

code-point-at@^1.0.0:
  version "1.1.0"
  resolved "https://registry.yarnpkg.com/code-point-at/-/code-point-at-1.1.0.tgz#0d070b4d043a5bea33a2f1a40e2edb3d9a4ccf77"
  integrity sha512-RpAVKQA5T63xEj6/giIbUEtZwJ4UFIc3ZtvEkiaUERylqe8xb5IvqcgOurZLahv93CLKfxcw5YI+DZcUBRyLXA==

decamelize@^1.1.1:
  version "1.2.0"
  resolved "https://registry.yarnpkg.com/decamelize/-/decamelize-1.2.0.tgz#f6534d15148269b20352e7bee26f501f9a191290"
  integrity sha512-z2S+W9X73hAUUki+N+9Za2lBlun89zigOyGrsax+KUQ6wKW4ZoWpEYBkGhQjwAjjDCkWxhY0VKEhk8wzY7F5cA==

invert-kv@^1.0.0:
  version "1.0.0"
  resolved "https://registry.yarnpkg.com/invert-kv/-/invert-kv-1.0.0.tgz#104a8e4aaca6d3d8cd157a8ef8bfab2d7a3ffdb6"
  integrity sha512-xgs2NH9AE66ucSq4cNG1nhSFghr5l6tdL15Pk+jl46bmmBapgoaY/AacXyaDznAqmGL99TiLSQgO/XazFSKYeQ==

is-fullwidth-code-point@^1.0.0:
  version "1.0.0"
  resolved "https://registry.yarnpkg.com/is-fullwidth-code-point/-/is-fullwidth-code-point-1.0.0.tgz#ef9e31386f031a7f0d643af82fde50c457ef00cb"
  integrity sha512-1pqUqRjkhPJ9miNq9SwMfdvi6lBJcd6eFxvfaivQhaH3SgisfiuudvFntdKOmxuee/77l+FPjKrQjWvmPjWrRw==
  dependencies:
    number-is-nan "^1.0.0"

kafkajs-lz4@^2.0.0-beta.0:
  version "2.0.0-beta.0"
  resolved "https://registry.yarnpkg.com/kafkajs-lz4/-/kafkajs-lz4-2.0.0-beta.0.tgz#b96dc9d82fc61f44136af1e127fb1a745cdf78f9"
  integrity sha512-uWnO/NtXVNGvKPyjMOQnPrPiMS5XJMqDRBq8xmRivanXTxPdZ/yIUZU31Wo8ySAadTPIx4enxCVmCf61+CyQXQ==
  dependencies:
    lz4-asm "0.4.2"

kafkajs@^2.2.4:
  version "2.2.4"
  resolved "https://registry.yarnpkg.com/kafkajs/-/kafkajs-2.2.4.tgz#59e6e16459d87fdf8b64be73970ed5aa42370a5b"
  integrity sha512-j/YeapB1vfPT2iOIUn/vxdyKEuhuY2PxMBvf5JWux6iSaukAccrMtXEY/Lb7OvavDhOWME589bpLrEdnVHjfjA==

lcid@^1.0.0:
  version "1.0.0"
  resolved "https://registry.yarnpkg.com/lcid/-/lcid-1.0.0.tgz#308accafa0bc483a3867b4b6f2b9506251d1b835"
  integrity sha512-YiGkH6EnGrDGqLMITnGjXtGmNtjoXw9SVUzcaos8RBi7Ps0VBylkq+vOcY9QE5poLasPCR849ucFUkl0UzUyOw==
  dependencies:
    invert-kv "^1.0.0"

lz4-asm@0.4.2:
  version "0.4.2"
  resolved "https://registry.yarnpkg.com/lz4-asm/-/lz4-asm-0.4.2.tgz#bdc0276ddb2ca8437615daef9c926e4ef09345be"
  integrity sha512-1i6ycr3lLNMiV9qjHn4OwaDRR3hxHhVTxAmX2W7PiWITJym6im6vCD7/201RoBIfsN9Rw+XUMdJx9l5KJaXnnA==
  dependencies:
    yargs "^3.32.0"

number-is-nan@^1.0.0:
  version "1.0.1"
  resolved "https://registry.yarnpkg.com/number-is-nan/-/number-is-nan-1.0.1.tgz#097b602b53422a522c1afb8790318336941a011d"
  integrity sha512-4jbtZXNAsfZbAHiiqjLPBiCl16dES1zI4Hpzzxw61Tk+loF+sBDBKx1ICKKKwIqQ7M0mFn1TmkN7euSncWgHiQ==

os-locale@^1.4.0:
  version "1.4.0"
  resolved "https://registry.yarnpkg.com/os-locale/-/os-locale-1.4.0.tgz#20f9f17ae29ed345e8bde583b13d2009803c14d9"
  integrity sha512-PRT7ZORmwu2MEFt4/fv3Q+mEfN4zetKxufQrkShY2oGvUms9r8otu5HfdyIFHkYXjO7laNsoVGmM2MANfuTA8g==
  dependencies:
    lcid "^1.0.0"

prettier@^2.8.7:
  version "2.8.7"
  resolved "https://registry.yarnpkg.com/prettier/-/prettier-2.8.7.tgz#bb79fc8729308549d28fe3a98fce73d2c0656450"
  integrity sha512-yPngTo3aXUUmyuTjeTUT75txrf+aMh9FiD7q9ZE/i6r0bPb22g4FsE6Y338PQX1bmfy08i9QQCB7/rcUAVntfw==

string-width@^1.0.1:
  version "1.0.2"
  resolved "https://registry.yarnpkg.com/string-width/-/string-width-1.0.2.tgz#118bdf5b8cdc51a2a7e70d211e07e2b0b9b107d3"
  integrity sha512-0XsVpQLnVCXHJfyEs8tC0zpTVIr5PKKsQtkT29IwupnPTjtPmQ3xT/4yCREF9hYkV/3M3kzcUTSAZT6a6h81tw==
  dependencies:
    code-point-at "^1.0.0"
    is-fullwidth-code-point "^1.0.0"
    strip-ansi "^3.0.0"

strip-ansi@^3.0.0, strip-ansi@^3.0.1:
  version "3.0.1"
  resolved "https://registry.yarnpkg.com/strip-ansi/-/strip-ansi-3.0.1.tgz#6a385fb8853d952d5ff05d0e8aaf94278dc63dcf"
  integrity sha512-VhumSSbBqDTP8p2ZLKj40UjBCV4+v8bUSEpUb4KjRgWk9pbqGF4REFj6KEagidb2f/M6AzC0EmFyDNGaw9OCzg==
  dependencies:
    ansi-regex "^2.0.0"

typescript@^5.0.3:
  version "5.0.3"
  resolved "https://registry.yarnpkg.com/typescript/-/typescript-5.0.3.tgz#fe976f0c826a88d0a382007681cbb2da44afdedf"
  integrity sha512-xv8mOEDnigb/tN9PSMTwSEqAnUvkoXMQlicOb0IUVDBSQCgBSaAAROUZYy2IcUy5qU6XajK5jjjO7TMWqBTKZA==

uuid@^9.0.0:
  version "9.0.0"
  resolved "https://registry.yarnpkg.com/uuid/-/uuid-9.0.0.tgz#592f550650024a38ceb0c562f2f6aa435761efb5"
  integrity sha512-MXcSTerfPa4uqyzStbRoTgt5XIe3x5+42+q1sDuy3R5MDk66URdLMOZe5aPX/SQd+kuYAh0FdP/pO28IkQyTeg==

window-size@^0.1.4:
  version "0.1.4"
  resolved "https://registry.yarnpkg.com/window-size/-/window-size-0.1.4.tgz#f8e1aa1ee5a53ec5bf151ffa09742a6ad7697876"
  integrity sha512-2thx4pB0cV3h+Bw7QmMXcEbdmOzv9t0HFplJH/Lz6yu60hXYy5RT8rUu+wlIreVxWsGN20mo+MHeCSfUpQBwPw==

wrap-ansi@^2.0.0:
  version "2.1.0"
  resolved "https://registry.yarnpkg.com/wrap-ansi/-/wrap-ansi-2.1.0.tgz#d8fc3d284dd05794fe84973caecdd1cf824fdd85"
  integrity sha512-vAaEaDM946gbNpH5pLVNR+vX2ht6n0Bt3GXwVB1AuAqZosOvHNF3P7wDnh8KLkSqgUh0uh77le7Owgoz+Z9XBw==
  dependencies:
    string-width "^1.0.1"
    strip-ansi "^3.0.1"

y18n@^3.2.0:
  version "3.2.2"
  resolved "https://registry.yarnpkg.com/y18n/-/y18n-3.2.2.tgz#85c901bd6470ce71fc4bb723ad209b70f7f28696"
  integrity sha512-uGZHXkHnhF0XeeAPgnKfPv1bgKAYyVvmNL1xlKsPYZPaIHxGti2hHqvOCQv71XMsLxu1QjergkqogUnms5D3YQ==

yargs@^3.32.0:
  version "3.32.0"
  resolved "https://registry.yarnpkg.com/yargs/-/yargs-3.32.0.tgz#03088e9ebf9e756b69751611d2a5ef591482c995"
  integrity sha512-ONJZiimStfZzhKamYvR/xvmgW3uEkAUFSP91y2caTEPhzF6uP2JfPiVZcq66b/YR0C3uitxSV7+T1x8p5bkmMg==
  dependencies:
    camelcase "^2.0.1"
    cliui "^3.0.3"
    decamelize "^1.1.1"
    os-locale "^1.4.0"
    string-width "^1.0.1"
    window-size "^0.1.4"
    y18n "^3.2.0"
