# THIS IS AN AUTOGENERATED FILE. DO NOT EDIT THIS FILE DIRECTLY.
# yarn lockfile v1


"@swc/core-darwin-arm64@1.3.39":
  version "1.3.39"
  resolved "https://registry.yarnpkg.com/@swc/core-darwin-arm64/-/core-darwin-arm64-1.3.39.tgz#7c6e87dc8b27ce406eeb5d5cd39bde9fe06f416c"
  integrity sha512-qYR47BEfUvK1WRAP/LVbHakCo4mcksgDjRutJbkx3maTgHlSGYQKCQo7hz+or+n3cbR2abY0rFEgoCLjZctGOw==

"@swc/core-darwin-x64@1.3.39":
  version "1.3.39"
  resolved "https://registry.yarnpkg.com/@swc/core-darwin-x64/-/core-darwin-x64-1.3.39.tgz#709f269e2af553b16d35a702c90553ef0af3e400"
  integrity sha512-kqJ8OleY/y3S+HXnZxDWFVbKpRsb7gZDZr6Pksr8tzFba/6pLkZFBxds/zgfWIlUwri2Lcx0X872MJ46ghwv9w==

"@swc/core-linux-arm-gnueabihf@1.3.39":
  version "1.3.39"
  resolved "https://registry.yarnpkg.com/@swc/core-linux-arm-gnueabihf/-/core-linux-arm-gnueabihf-1.3.39.tgz#04e83e963ecf42228994bee3028f74b17a871456"
  integrity sha512-+c3A2BV0esPNHn/KKMqP+bphUF86sVKUIaxn5tKMDrnO8ckOpEMbJ+SwzYLtwC9JIYjWwryg/0yvWrdma26Irw==

"@swc/core-linux-arm64-gnu@1.3.39":
  version "1.3.39"
  resolved "https://registry.yarnpkg.com/@swc/core-linux-arm64-gnu/-/core-linux-arm64-gnu-1.3.39.tgz#fae7fa25a1b22ea51ce53d9982ffbb17c99f7071"
  integrity sha512-IRrfft7ANk3NR0qX6bXbfkqbT+WR0TMvgODQdZAtRQIt5ERFpdhcnYc4tlJzfV23R0Ek3kpdA8Gduj4tHk0K6w==

"@swc/core-linux-arm64-musl@1.3.39":
  version "1.3.39"
  resolved "https://registry.yarnpkg.com/@swc/core-linux-arm64-musl/-/core-linux-arm64-musl-1.3.39.tgz#74544b4fe31c708e5baad73a6ca52c6f9de4b4c1"
  integrity sha512-N8tnynqBdRzY8m2blPAnLUtaln0m8gb96q6ipnY+XoHQ3Z6uZoUq8jWAeFDhD+MCzM7qD2HyBDN7sEqiwMRO/g==

"@swc/core-linux-x64-gnu@1.3.39":
  version "1.3.39"
  resolved "https://registry.yarnpkg.com/@swc/core-linux-x64-gnu/-/core-linux-x64-gnu-1.3.39.tgz#8b8345d7080dbbda3e673ce21419bae4fc7cd214"
  integrity sha512-Jif56kWHOjQexCib4FVbGeUcBUc56cgNW7ELEKAUCID70z20JHMVTd5utcmfi1L9tywGMvfzqD5z+NQtrFV8GQ==

"@swc/core-linux-x64-musl@1.3.39":
  version "1.3.39"
  resolved "https://registry.yarnpkg.com/@swc/core-linux-x64-musl/-/core-linux-x64-musl-1.3.39.tgz#70d00f78ec1695b8d6581b0a885ac9ba1bca3867"
  integrity sha512-ZiGERr/mdsEwfSiWn2Qokd8a4TTJkLVta6Nan39Bozo6J789u4uDF9Cj5TWWMSanHYAK/oRDaUm1yo2/DSecAA==

"@swc/core-win32-arm64-msvc@1.3.39":
  version "1.3.39"
  resolved "https://registry.yarnpkg.com/@swc/core-win32-arm64-msvc/-/core-win32-arm64-msvc-1.3.39.tgz#9f35782f008a722f8ae230766e16e426f2b146f9"
  integrity sha512-eUAk12LZ6RQHhe0ikZZsi0CPbRA6qsvoNQQ/6uwVF60CT0UnJrLiX3w3q30aXK3WjVR6uUlVEn7ze5t7HUeGyQ==

"@swc/core-win32-ia32-msvc@1.3.39":
  version "1.3.39"
  resolved "https://registry.yarnpkg.com/@swc/core-win32-ia32-msvc/-/core-win32-ia32-msvc-1.3.39.tgz#3964c477d542ac41990c8cb12558d6f616cc3d64"
  integrity sha512-c3MIt+0gvZD0hmPOyoIJtdgx1ubP7E+uUnljw2+Nk8rO6qhIrWI08tWRNbT0HNLXHfHhKMJHvSAg3DGW8vG3Rg==

"@swc/core-win32-x64-msvc@1.3.39":
  version "1.3.39"
  resolved "https://registry.yarnpkg.com/@swc/core-win32-x64-msvc/-/core-win32-x64-msvc-1.3.39.tgz#81344093a5e4b4e24894b1abcf35689f3838b5c2"
  integrity sha512-c4xGToLavhHjrE0Um0GyXCilL3sKNRP71GgQTVvqTFHxMmdUCBdug28olMDE1gYsCqXHaF6rPtg3QmD6dhTzKQ==

"@swc/core@^1.3.39":
  version "1.3.39"
  resolved "https://registry.yarnpkg.com/@swc/core/-/core-1.3.39.tgz#c59f92dc116cf32a08d788aa5e0ce7eb856e3d40"
  integrity sha512-r5oIySPo2OkC14+gmhK5H1HnDEgOvj5kx6Ogxa+Og7KyWIHE8l1JjjW+4wzYdjxtdhRjVRhvoI6mPQNQz/btBg==
  optionalDependencies:
    "@swc/core-darwin-arm64" "1.3.39"
    "@swc/core-darwin-x64" "1.3.39"
    "@swc/core-linux-arm-gnueabihf" "1.3.39"
    "@swc/core-linux-arm64-gnu" "1.3.39"
    "@swc/core-linux-arm64-musl" "1.3.39"
    "@swc/core-linux-x64-gnu" "1.3.39"
    "@swc/core-linux-x64-musl" "1.3.39"
    "@swc/core-win32-arm64-msvc" "1.3.39"
    "@swc/core-win32-ia32-msvc" "1.3.39"
    "@swc/core-win32-x64-msvc" "1.3.39"

"@swc/wasm@^1.3.39":
  version "1.3.39"
  resolved "https://registry.yarnpkg.com/@swc/wasm/-/wasm-1.3.39.tgz#f797c1c1e3ee5f27c3e905447bb0cf6a5808ddc7"
  integrity sha512-r3c8iHTMHTZBARHmnAaH9Wbzlo6FsKfBtU3D1xzueYpk2WtZ3yn4H1oGxpha7aN6gXJduqFlO06poNJkmYR4fQ==

"@types/node@^18.15.0":
  version "18.15.0"
  resolved "https://registry.yarnpkg.com/@types/node/-/node-18.15.0.tgz#286a65e3fdffd691e170541e6ecb0410b16a38be"
  integrity sha512-z6nr0TTEOBGkzLGmbypWOGnpSpSIBorEhC4L+4HeQ2iezKCi4f77kyslRwvHeNitymGQ+oFyIWGP96l/DPSV9w==

kafkajs@^2.2.4:
  version "2.2.4"
  resolved "https://registry.yarnpkg.com/kafkajs/-/kafkajs-2.2.4.tgz#59e6e16459d87fdf8b64be73970ed5aa42370a5b"
  integrity sha512-j/YeapB1vfPT2iOIUn/vxdyKEuhuY2PxMBvf5JWux6iSaukAccrMtXEY/Lb7OvavDhOWME589bpLrEdnVHjfjA==

prettier@^2.8.4:
  version "2.8.4"
  resolved "https://registry.yarnpkg.com/prettier/-/prettier-2.8.4.tgz#34dd2595629bfbb79d344ac4a91ff948694463c3"
  integrity sha512-vIS4Rlc2FNh0BySk3Wkd6xmwxB0FpOndW5fisM5H8hsZSxU2VWVB5CWIkIjWvrHjIhxk2g3bfMKM87zNTrZddw==

typescript@^4.9.5:
  version "4.9.5"
  resolved "https://registry.yarnpkg.com/typescript/-/typescript-4.9.5.tgz#095979f9bcc0d09da324d58d03ce8f8374cbe65a"
  integrity sha512-1FXk9E2Hm+QzZQ7z+McJiHL4NW1F2EzMu9Nq9i3zAaGqibafqYwCVU6WyWAuyQRRzOlxou8xZSyXLEN8oKj24g==
